PODS:
  - CocoaLumberjack/Default (3.3.0)
  - CocoaLumberjack/Swift (3.3.0):
    - CocoaLumberjack/Default
  - Eureka (4.3.0)
  - JacKit (1.0):
    - CocoaLumberjack/Swift (~> 3.3.0)
  - MBProgressHUD (1.1.0)
  - MudoxKit/ActivityCenter (0.1.0):
    - RxCocoa
    - RxSwift
  - MudoxKit/All (0.1.0):
    - MudoxKit/ActivityCenter
    - MudoxKit/Core
    - MudoxKit/Eureka
    - MudoxKit/MBProgressHUD
    - MudoxKit/NVActivityIndicatorView
    - MudoxKit/ObjectiveC
    - MudoxKit/SVProgressHUD
  - MudoxKit/Core (0.1.0):
    - JacKit
    - RxCocoa
    - RxSwift
    - RxSwiftExt
  - MudoxKit/Eureka (0.1.0):
    - Eureka
  - MudoxKit/MBProgressHUD (0.1.0):
    - MBProgressHUD
  - MudoxKit/NVActivityIndicatorView (0.1.0):
    - NVActivityIndicatorView
  - MudoxKit/ObjectiveC (0.1.0)
  - MudoxKit/SVProgressHUD (0.1.0):
    - SVProgressHUD
  - Nimble (7.3.1)
  - NVActivityIndicatorView (4.4.0):
    - NVActivityIndicatorView/Presenter (= 4.4.0)
  - NVActivityIndicatorView/Presenter (4.4.0)
  - Quick (1.3.2)
  - RxAtomic (4.4.0)
  - RxBlocking (4.4.0):
    - RxAtomic (~> 4.4)
    - RxSwift (~> 4.0)
  - RxCocoa (4.4.0):
    - RxSwift (~> 4.0)
  - RxNimble (4.4.0):
    - RxNimble/RxBlocking (= 4.4.0)
  - RxNimble/Core (4.4.0):
    - Nimble (~> 7.0)
    - RxSwift (~> 4.2)
  - RxNimble/RxBlocking (4.4.0):
    - RxBlocking
    - RxNimble/Core
  - RxSwift (4.4.0):
    - RxAtomic (~> 4.4)
  - RxSwiftExt (3.3.0):
    - RxSwiftExt/Core (= 3.3.0)
  - RxSwiftExt/Core (3.3.0):
    - RxSwift (~> 4.0)
  - RxTest (4.4.0):
    - RxAtomic (~> 4.4)
    - RxSwift (~> 4.0)
  - SVProgressHUD (2.2.5)
  - Then (2.4.0)

DEPENDENCIES:
  - Eureka
  - JacKit (from `/Users/mudox/Develop/Apple/Frameworks/JacKit`)
  - MudoxKit/All (from `../`)
  - Nimble
  - Quick
  - RxBlocking
  - RxNimble
  - RxTest
  - Then

SPEC REPOS:
  https://github.com/cocoapods/specs.git:
    - CocoaLumberjack
    - Eureka
    - MBProgressHUD
    - Nimble
    - NVActivityIndicatorView
    - Quick
    - RxAtomic
    - RxBlocking
    - RxCocoa
    - RxNimble
    - RxSwift
    - RxSwiftExt
    - RxTest
    - SVProgressHUD
    - Then

EXTERNAL SOURCES:
  JacKit:
    :path: "/Users/mudox/Develop/Apple/Frameworks/JacKit"
  MudoxKit:
    :path: "../"

SPEC CHECKSUMS:
  CocoaLumberjack: 3c8c74683302f9012bb168e1c4b7ae3c0b558431
  Eureka: 6d711cb30ca333b4bc893110285a722ae3840114
  JacKit: 829f22a30cf6000011c8cc5efd9e47e2d831fae9
  MBProgressHUD: e7baa36a220447d8aeb12769bf0585582f3866d9
  MudoxKit: 749f870d10e48e43a769d608db49512f291b0dc8
  Nimble: 04f732da099ea4d153122aec8c2a88fd0c7219ae
  NVActivityIndicatorView: ec7440a57af2450319d3a4181cca7da6fc127064
  Quick: 2623cb30d7a7f41ca62f684f679586558f483d46
  RxAtomic: eacf60db868c96bfd63320e28619fe29c179656f
  RxBlocking: 138ad53217434444d6eeeb4fb406a45431d92e31
  RxCocoa: df63ebf7b9a70d6b4eeea407ed5dd4efc8979749
  RxNimble: ba6caf0195c37fd50dd4b967624b66ff580d781a
  RxSwift: 5976ecd04fc2fefd648827c23de5e11157faa973
  RxSwiftExt: 81afb48ab0602f503147417baeb3989d64c7687d
  RxTest: 19d03286bdc0a3aaea5d61d4cde31fdf4bb8a5ba
  SVProgressHUD: 1428aafac632c1f86f62aa4243ec12008d7a51d6
  Then: 71866660c7af35a7343831f7668e7cd2b62ee0f2

PODFILE CHECKSUM: 9bdbd83587c46fcf590b79ae6f4fa24d3f386858

COCOAPODS: 1.5.3
